
Microsoft Visual Studio Solution File, Format Version 12.00
# Visual Studio Version 16
VisualStudioVersion = 16.0.30717.126
MinimumVisualStudioVersion = 10.0.40219.1
Project("{FAE04EC0-301F-11D3-BF4B-00C04F79EFBC}") = "LoginDemo", "LoginDemo.csproj", "{9C82234B-B0F4-437B-B21F-E9480B30E3CB}"
EndProject
Global
	GlobalSection(SolutionConfigurationPlatforms) = preSolution
		Debug|Any CPU = Debug|Any CPU
		Release|Any CPU = Release|Any CPU
	EndGlobalSection
	GlobalSection(ProjectConfigurationPlatforms) = postSolution
		{9C82234B-B0F4-437B-B21F-E9480B30E3CB}.Debug|Any CPU.ActiveCfg = Debug|Any CPU
		{9C82234B-B0F4-437B-B21F-E9480B30E3CB}.Debug|Any CPU.Build.0 = Debug|Any CPU
		{9C82234B-B0F4-437B-B21F-E9480B30E3CB}.Release|Any CPU.ActiveCfg = Release|Any CPU
		{9C82234B-B0F4-437B-B21F-E9480B30E3CB}.Release|Any CPU.Build.0 = Release|Any CPU
	EndGlobalSection
	GlobalSection(SolutionProperties) = preSolution
		HideSolutionNode = FALSE
	EndGlobalSection
	GlobalSection(ExtensibilityGlobals) = postSolution
		SolutionGuid = {0492CC78-D0A4-40FF-A937-1EAA1A268BF3}
	EndGlobalSection
EndGlobal
